
Microsoft Visual Studio Solution File, Format Version 12.00
# Visual Studio Version 17
VisualStudioVersion = 17.10.35027.167
MinimumVisualStudioVersion = 10.0.40219.1
Project("{9A19103F-16F7-4668-BE54-9A1E7A4F7556}") = "LifeDots_App", "LifeDots_App\LifeDots_App.csproj", "{82B52953-19F8-41DB-8B0B-B7F8F37C4DFA}"
EndProject
Project("{FAE04EC0-301F-11D3-BF4B-00C04F79EFBC}") = "Tests", "Tests\Tests.csproj", "{EFD15EA4-167D-45C9-BAD4-D318B22CC682}"
EndProject
Global
	GlobalSection(SolutionConfigurationPlatforms) = preSolution
		Debug|Any CPU = Debug|Any CPU
		Release|Any CPU = Release|Any CPU
	EndGlobalSection
	GlobalSection(ProjectConfigurationPlatforms) = postSolution
		{82B52953-19F8-41DB-8B0B-B7F8F37C4DFA}.Debug|Any CPU.ActiveCfg = Debug|Any CPU
		{82B52953-19F8-41DB-8B0B-B7F8F37C4DFA}.Debug|Any CPU.Build.0 = Debug|Any CPU
		{82B52953-19F8-41DB-8B0B-B7F8F37C4DFA}.Release|Any CPU.ActiveCfg = Release|Any CPU
		{82B52953-19F8-41DB-8B0B-B7F8F37C4DFA}.Release|Any CPU.Build.0 = Release|Any CPU
		{EFD15EA4-167D-45C9-BAD4-D318B22CC682}.Debug|Any CPU.ActiveCfg = Debug|Any CPU
		{EFD15EA4-167D-45C9-BAD4-D318B22CC682}.Debug|Any CPU.Build.0 = Debug|Any CPU
		{EFD15EA4-167D-45C9-BAD4-D318B22CC682}.Release|Any CPU.ActiveCfg = Release|Any CPU
		{EFD15EA4-167D-45C9-BAD4-D318B22CC682}.Release|Any CPU.Build.0 = Release|Any CPU
	EndGlobalSection
	GlobalSection(SolutionProperties) = preSolution
		HideSolutionNode = FALSE
	EndGlobalSection
	GlobalSection(ExtensibilityGlobals) = postSolution
		SolutionGuid = {A9FE5602-23A8-4786-84D2-1CEC31B0A42B}
	EndGlobalSection
EndGlobal
